// !$*UTF8*$!
{
	archiveVersion = 1;
	classes = {
	};
	objectVersion = 48;
	objects = {

/* Begin PBXBuildFile section */
		D866B6031FE23CF70028D46A /* StudentLocationAnnotation.swift in Sources */ = {isa = PBXBuildFile; fileRef = D866B6021FE23CF70028D46A /* StudentLocationAnnotation.swift */; };
		D866B6061FE23D0D0028D46A /* MapKit.framework in Frameworks */ = {isa = PBXBuildFile; fileRef = D866B6051FE23D0D0028D46A /* MapKit.framework */; };
		D866B6081FE5EC680028D46A /* GCDBlackBox.swift in Sources */ = {isa = PBXBuildFile; fileRef = D866B6071FE5EC680028D46A /* GCDBlackBox.swift */; };
		D8A666352016EA820078B7C6 /* StudentTableViewController.swift in Sources */ = {isa = PBXBuildFile; fileRef = D8A666342016EA820078B7C6 /* StudentTableViewController.swift */; };
		D8AFDA8C1FE6EE7900D8DED1 /* AddLocationViewController.swift in Sources */ = {isa = PBXBuildFile; fileRef = D8AFDA8B1FE6EE7900D8DED1 /* AddLocationViewController.swift */; };
		D8AFDA8E1FE6F24700D8DED1 /* StoreStudentLoactionViewController.swift in Sources */ = {isa = PBXBuildFile; fileRef = D8AFDA8D1FE6F24700D8DED1 /* StoreStudentLoactionViewController.swift */; };
		D8B575AC1FD4DB2E00E48B42 /* UdacityClient.swift in Sources */ = {isa = PBXBuildFile; fileRef = D8B575AB1FD4DB2E00E48B42 /* UdacityClient.swift */; };
		D8B575AE1FD4DDA300E48B42 /* LoginViewController.swift in Sources */ = {isa = PBXBuildFile; fileRef = D8B575AD1FD4DDA300E48B42 /* LoginViewController.swift */; };
		D8B575B01FD4DE8100E48B42 /* UdacityConstants.swift in Sources */ = {isa = PBXBuildFile; fileRef = D8B575AF1FD4DE8100E48B42 /* UdacityConstants.swift */; };
		D8E4F2411FD48FF8006AE56A /* AppDelegate.swift in Sources */ = {isa = PBXBuildFile; fileRef = D8E4F2401FD48FF8006AE56A /* AppDelegate.swift */; };
		D8E4F2431FD48FF8006AE56A /* MapViewController.swift in Sources */ = {isa = PBXBuildFile; fileRef = D8E4F2421FD48FF8006AE56A /* MapViewController.swift */; };
		D8E4F2451FD48FF8006AE56A /* TableViewController.swift in Sources */ = {isa = PBXBuildFile; fileRef = D8E4F2441FD48FF8006AE56A /* TableViewController.swift */; };
		D8E4F2481FD48FF8006AE56A /* Main.storyboard in Resources */ = {isa = PBXBuildFile; fileRef = D8E4F2461FD48FF8006AE56A /* Main.storyboard */; };
		D8E4F24A1FD48FF8006AE56A /* Assets.xcassets in Resources */ = {isa = PBXBuildFile; fileRef = D8E4F2491FD48FF8006AE56A /* Assets.xcassets */; };
		D8E4F24D1FD48FF8006AE56A /* LaunchScreen.storyboard in Resources */ = {isa = PBXBuildFile; fileRef = D8E4F24B1FD48FF8006AE56A /* LaunchScreen.storyboard */; };
		D8E4F2581FD48FF8006AE56A /* OnTheMApTests.swift in Sources */ = {isa = PBXBuildFile; fileRef = D8E4F2571FD48FF8006AE56A /* OnTheMApTests.swift */; };
		D8E4F2631FD48FF8006AE56A /* OnTheMApUITests.swift in Sources */ = {isa = PBXBuildFile; fileRef = D8E4F2621FD48FF8006AE56A /* OnTheMApUITests.swift */; };
		D8E4F2781FD4947A006AE56A /* Default-568h@2x.png in Resources */ = {isa = PBXBuildFile; fileRef = D8E4F2771FD4947A006AE56A /* Default-568h@2x.png */; };
		D8E4F27A1FD4D673006AE56A /* ParseData.swift in Sources */ = {isa = PBXBuildFile; fileRef = D8E4F2791FD4D673006AE56A /* ParseData.swift */; };
/* End PBXBuildFile section */

/* Begin PBXContainerItemProxy section */
		D8E4F2541FD48FF8006AE56A /* PBXContainerItemProxy */ = {
			isa = PBXContainerItemProxy;
			containerPortal = D8E4F2351FD48FF8006AE56A /* Project object */;
			proxyType = 1;
			remoteGlobalIDString = D8E4F23C1FD48FF8006AE56A;
			remoteInfo = OnTheMAp;
		};
		D8E4F25F1FD48FF8006AE56A /* PBXContainerItemProxy */ = {
			isa = PBXContainerItemProxy;
			containerPortal = D8E4F2351FD48FF8006AE56A /* Project object */;
			proxyType = 1;
			remoteGlobalIDString = D8E4F23C1FD48FF8006AE56A;
			remoteInfo = OnTheMAp;
		};
/* End PBXContainerItemProxy section */

/* Begin PBXFileReference section */
		D866B6021FE23CF70028D46A /* StudentLocationAnnotation.swift */ = {isa = PBXFileReference; lastKnownFileType = sourcecode.swift; path = StudentLocationAnnotation.swift; sourceTree = "<group>"; };
		D866B6051FE23D0D0028D46A /* MapKit.framework */ = {isa = PBXFileReference; lastKnownFileType = wrapper.framework; name = MapKit.framework; path = System/Library/Frameworks/MapKit.framework; sourceTree = SDKROOT; };
		D866B6071FE5EC680028D46A /* GCDBlackBox.swift */ = {isa = PBXFileReference; lastKnownFileType = sourcecode.swift; path = GCDBlackBox.swift; sourceTree = "<group>"; };
		D8A666342016EA820078B7C6 /* StudentTableViewController.swift */ = {isa = PBXFileReference; lastKnownFileType = sourcecode.swift; path = StudentTableViewController.swift; sourceTree = "<group>"; };
		D8AFDA8B1FE6EE7900D8DED1 /* AddLocationViewController.swift */ = {isa = PBXFileReference; lastKnownFileType = sourcecode.swift; path = AddLocationViewController.swift; sourceTree = "<group>"; };
		D8AFDA8D1FE6F24700D8DED1 /* StoreStudentLoactionViewController.swift */ = {isa = PBXFileReference; lastKnownFileType = sourcecode.swift; path = StoreStudentLoactionViewController.swift; sourceTree = "<group>"; };
		D8B575AB1FD4DB2E00E48B42 /* UdacityClient.swift */ = {isa = PBXFileReference; lastKnownFileType = sourcecode.swift; path = UdacityClient.swift; sourceTree = "<group>"; };
		D8B575AD1FD4DDA300E48B42 /* LoginViewController.swift */ = {isa = PBXFileReference; lastKnownFileType = sourcecode.swift; path = LoginViewController.swift; sourceTree = "<group>"; };
		D8B575AF1FD4DE8100E48B42 /* UdacityConstants.swift */ = {isa = PBXFileReference; lastKnownFileType = sourcecode.swift; path = UdacityConstants.swift; sourceTree = "<group>"; };
		D8E4F23D1FD48FF8006AE56A /* OnTheMAp.app */ = {isa = PBXFileReference; explicitFileType = wrapper.application; includeInIndex = 0; path = OnTheMAp.app; sourceTree = BUILT_PRODUCTS_DIR; };
		D8E4F2401FD48FF8006AE56A /* AppDelegate.swift */ = {isa = PBXFileReference; lastKnownFileType = sourcecode.swift; path = AppDelegate.swift; sourceTree = "<group>"; };
		D8E4F2421FD48FF8006AE56A /* MapViewController.swift */ = {isa = PBXFileReference; lastKnownFileType = sourcecode.swift; path = MapViewController.swift; sourceTree = "<group>"; };
		D8E4F2441FD48FF8006AE56A /* TableViewController.swift */ = {isa = PBXFileReference; lastKnownFileType = sourcecode.swift; path = TableViewController.swift; sourceTree = "<group>"; };
		D8E4F2471FD48FF8006AE56A /* Base */ = {isa = PBXFileReference; lastKnownFileType = file.storyboard; name = Base; path = Base.lproj/Main.storyboard; sourceTree = "<group>"; };
		D8E4F2491FD48FF8006AE56A /* Assets.xcassets */ = {isa = PBXFileReference; lastKnownFileType = folder.assetcatalog; path = Assets.xcassets; sourceTree = "<group>"; };
		D8E4F24C1FD48FF8006AE56A /* Base */ = {isa = PBXFileReference; lastKnownFileType = file.storyboard; name = Base; path = Base.lproj/LaunchScreen.storyboard; sourceTree = "<group>"; };
		D8E4F24E1FD48FF8006AE56A /* Info.plist */ = {isa = PBXFileReference; lastKnownFileType = text.plist.xml; path = Info.plist; sourceTree = "<group>"; };
		D8E4F2531FD48FF8006AE56A /* OnTheMApTests.xctest */ = {isa = PBXFileReference; explicitFileType = wrapper.cfbundle; includeInIndex = 0; path = OnTheMApTests.xctest; sourceTree = BUILT_PRODUCTS_DIR; };
		D8E4F2571FD48FF8006AE56A /* OnTheMApTests.swift */ = {isa = PBXFileReference; lastKnownFileType = sourcecode.swift; path = OnTheMApTests.swift; sourceTree = "<group>"; };
		D8E4F2591FD48FF8006AE56A /* Info.plist */ = {isa = PBXFileReference; lastKnownFileType = text.plist.xml; path = Info.plist; sourceTree = "<group>"; };
		D8E4F25E1FD48FF8006AE56A /* OnTheMApUITests.xctest */ = {isa = PBXFileReference; explicitFileType = wrapper.cfbundle; includeInIndex = 0; path = OnTheMApUITests.xctest; sourceTree = BUILT_PRODUCTS_DIR; };
		D8E4F2621FD48FF8006AE56A /* OnTheMApUITests.swift */ = {isa = PBXFileReference; lastKnownFileType = sourcecode.swift; path = OnTheMApUITests.swift; sourceTree = "<group>"; };
		D8E4F2641FD48FF8006AE56A /* Info.plist */ = {isa = PBXFileReference; lastKnownFileType = text.plist.xml; path = Info.plist; sourceTree = "<group>"; };
		D8E4F2771FD4947A006AE56A /* Default-568h@2x.png */ = {isa = PBXFileReference; lastKnownFileType = image.png; path = "Default-568h@2x.png"; sourceTree = "<group>"; };
		D8E4F2791FD4D673006AE56A /* ParseData.swift */ = {isa = PBXFileReference; lastKnownFileType = sourcecode.swift; path = ParseData.swift; sourceTree = "<group>"; };
/* End PBXFileReference section */

/* Begin PBXFrameworksBuildPhase section */
		D8E4F23A1FD48FF8006AE56A /* Frameworks */ = {
			isa = PBXFrameworksBuildPhase;
			buildActionMask = 2147483647;
			files = (
				D866B6061FE23D0D0028D46A /* MapKit.framework in Frameworks */,
			);
			runOnlyForDeploymentPostprocessing = 0;
		};
		D8E4F2501FD48FF8006AE56A /* Frameworks */ = {
			isa = PBXFrameworksBuildPhase;
			buildActionMask = 2147483647;
			files = (
			);
			runOnlyForDeploymentPostprocessing = 0;
		};
		D8E4F25B1FD48FF8006AE56A /* Frameworks */ = {
			isa = PBXFrameworksBuildPhase;
			buildActionMask = 2147483647;
			files = (
			);
			runOnlyForDeploymentPostprocessing = 0;
		};
/* End PBXFrameworksBuildPhase section */

/* Begin PBXGroup section */
		D866B6041FE23D0C0028D46A /* Frameworks */ = {
			isa = PBXGroup;
			children = (
				D866B6051FE23D0D0028D46A /* MapKit.framework */,
			);
			name = Frameworks;
			sourceTree = "<group>";
		};
		D8E4F2341FD48FF8006AE56A = {
			isa = PBXGroup;
			children = (
				D8E4F2771FD4947A006AE56A /* Default-568h@2x.png */,
				D8E4F23F1FD48FF8006AE56A /* OnTheMAp */,
				D8E4F2561FD48FF8006AE56A /* OnTheMApTests */,
				D8E4F2611FD48FF8006AE56A /* OnTheMApUITests */,
				D8E4F23E1FD48FF8006AE56A /* Products */,
				D866B6041FE23D0C0028D46A /* Frameworks */,
			);
			sourceTree = "<group>";
		};
		D8E4F23E1FD48FF8006AE56A /* Products */ = {
			isa = PBXGroup;
			children = (
				D8E4F23D1FD48FF8006AE56A /* OnTheMAp.app */,
				D8E4F2531FD48FF8006AE56A /* OnTheMApTests.xctest */,
				D8E4F25E1FD48FF8006AE56A /* OnTheMApUITests.xctest */,
			);
			name = Products;
			sourceTree = "<group>";
		};
		D8E4F23F1FD48FF8006AE56A /* OnTheMAp */ = {
			isa = PBXGroup;
			children = (
				D8E4F24E1FD48FF8006AE56A /* Info.plist */,
				D8E4F2491FD48FF8006AE56A /* Assets.xcassets */,
				D8E4F2401FD48FF8006AE56A /* AppDelegate.swift */,
				D8E4F2761FD493F3006AE56A /* Additional Data */,
				D8E4F2741FD493C1006AE56A /* Controller */,
				D8E4F2731FD493BA006AE56A /* View */,
				D8E4F2721FD493B2006AE56A /* Model */,
				D8E4F2701FD49394006AE56A /* Networking */,
				D866B6071FE5EC680028D46A /* GCDBlackBox.swift */,
			);
			path = OnTheMAp;
			sourceTree = "<group>";
		};
		D8E4F2561FD48FF8006AE56A /* OnTheMApTests */ = {
			isa = PBXGroup;
			children = (
				D8E4F2571FD48FF8006AE56A /* OnTheMApTests.swift */,
				D8E4F2591FD48FF8006AE56A /* Info.plist */,
			);
			path = OnTheMApTests;
			sourceTree = "<group>";
		};
		D8E4F2611FD48FF8006AE56A /* OnTheMApUITests */ = {
			isa = PBXGroup;
			children = (
				D8E4F2621FD48FF8006AE56A /* OnTheMApUITests.swift */,
				D8E4F2641FD48FF8006AE56A /* Info.plist */,
			);
			path = OnTheMApUITests;
			sourceTree = "<group>";
		};
		D8E4F2701FD49394006AE56A /* Networking */ = {
			isa = PBXGroup;
			children = (
			);
			path = Networking;
			sourceTree = "<group>";
		};
		D8E4F2721FD493B2006AE56A /* Model */ = {
			isa = PBXGroup;
			children = (
				D8E4F2791FD4D673006AE56A /* ParseData.swift */,
				D8B575AB1FD4DB2E00E48B42 /* UdacityClient.swift */,
				D8B575AF1FD4DE8100E48B42 /* UdacityConstants.swift */,
				D866B6021FE23CF70028D46A /* StudentLocationAnnotation.swift */,
			);
			path = Model;
			sourceTree = "<group>";
		};
		D8E4F2731FD493BA006AE56A /* View */ = {
			isa = PBXGroup;
			children = (
				D8E4F2461FD48FF8006AE56A /* Main.storyboard */,
				D8E4F24B1FD48FF8006AE56A /* LaunchScreen.storyboard */,
			);
			path = View;
			sourceTree = "<group>";
		};
		D8E4F2741FD493C1006AE56A /* Controller */ = {
			isa = PBXGroup;
			children = (
				D8B575AD1FD4DDA300E48B42 /* LoginViewController.swift */,
				D8E4F2421FD48FF8006AE56A /* MapViewController.swift */,
				D8E4F2441FD48FF8006AE56A /* TableViewController.swift */,
				D8AFDA8B1FE6EE7900D8DED1 /* AddLocationViewController.swift */,
				D8AFDA8D1FE6F24700D8DED1 /* StoreStudentLoactionViewController.swift */,
				D8A666342016EA820078B7C6 /* StudentTableViewController.swift */,
			);
			path = Controller;
			sourceTree = "<group>";
		};
		D8E4F2761FD493F3006AE56A /* Additional Data */ = {
			isa = PBXGroup;
			children = (
			);
			path = "Additional Data";
			sourceTree = "<group>";
		};
/* End PBXGroup section */

/* Begin PBXNativeTarget section */
		D8E4F23C1FD48FF8006AE56A /* OnTheMAp */ = {
			isa = PBXNativeTarget;
			buildConfigurationList = D8E4F2671FD48FF8006AE56A /* Build configuration list for PBXNativeTarget "OnTheMAp" */;
			buildPhases = (
				D8E4F2391FD48FF8006AE56A /* Sources */,
				D8E4F23A1FD48FF8006AE56A /* Frameworks */,
				D8E4F23B1FD48FF8006AE56A /* Resources */,
			);
			buildRules = (
			);
			dependencies = (
			);
			name = OnTheMAp;
			productName = OnTheMAp;
			productReference = D8E4F23D1FD48FF8006AE56A /* OnTheMAp.app */;
			productType = "com.apple.product-type.application";
		};
		D8E4F2521FD48FF8006AE56A /* OnTheMApTests */ = {
			isa = PBXNativeTarget;
			buildConfigurationList = D8E4F26A1FD48FF8006AE56A /* Build configuration list for PBXNativeTarget "OnTheMApTests" */;
			buildPhases = (
				D8E4F24F1FD48FF8006AE56A /* Sources */,
				D8E4F2501FD48FF8006AE56A /* Frameworks */,
				D8E4F2511FD48FF8006AE56A /* Resources */,
			);
			buildRules = (
			);
			dependencies = (
				D8E4F2551FD48FF8006AE56A /* PBXTargetDependency */,
			);
			name = OnTheMApTests;
			productName = OnTheMApTests;
			productReference = D8E4F2531FD48FF8006AE56A /* OnTheMApTests.xctest */;
			productType = "com.apple.product-type.bundle.unit-test";
		};
		D8E4F25D1FD48FF8006AE56A /* OnTheMApUITests */ = {
			isa = PBXNativeTarget;
			buildConfigurationList = D8E4F26D1FD48FF8006AE56A /* Build configuration list for PBXNativeTarget "OnTheMApUITests" */;
			buildPhases = (
				D8E4F25A1FD48FF8006AE56A /* Sources */,
				D8E4F25B1FD48FF8006AE56A /* Frameworks */,
				D8E4F25C1FD48FF8006AE56A /* Resources */,
			);
			buildRules = (
			);
			dependencies = (
				D8E4F2601FD48FF8006AE56A /* PBXTargetDependency */,
			);
			name = OnTheMApUITests;
			productName = OnTheMApUITests;
			productReference = D8E4F25E1FD48FF8006AE56A /* OnTheMApUITests.xctest */;
			productType = "com.apple.product-type.bundle.ui-testing";
		};
/* End PBXNativeTarget section */

/* Begin PBXProject section */
		D8E4F2351FD48FF8006AE56A /* Project object */ = {
			isa = PBXProject;
			attributes = {
				LastSwiftUpdateCheck = 0910;
				LastUpgradeCheck = 0910;
				ORGANIZATIONNAME = "Satveer Singh";
				TargetAttributes = {
					D8E4F23C1FD48FF8006AE56A = {
						CreatedOnToolsVersion = 9.1;
						ProvisioningStyle = Automatic;
					};
					D8E4F2521FD48FF8006AE56A = {
						CreatedOnToolsVersion = 9.1;
						ProvisioningStyle = Automatic;
						TestTargetID = D8E4F23C1FD48FF8006AE56A;
					};
					D8E4F25D1FD48FF8006AE56A = {
						CreatedOnToolsVersion = 9.1;
						ProvisioningStyle = Automatic;
						TestTargetID = D8E4F23C1FD48FF8006AE56A;
					};
				};
			};
			buildConfigurationList = D8E4F2381FD48FF8006AE56A /* Build configuration list for PBXProject "OnTheMAp" */;
			compatibilityVersion = "Xcode 8.0";
			developmentRegion = en;
			hasScannedForEncodings = 0;
			knownRegions = (
				en,
				Base,
			);
			mainGroup = D8E4F2341FD48FF8006AE56A;
			productRefGroup = D8E4F23E1FD48FF8006AE56A /* Products */;
			projectDirPath = "";
			projectRoot = "";
			targets = (
				D8E4F23C1FD48FF8006AE56A /* OnTheMAp */,
				D8E4F2521FD48FF8006AE56A /* OnTheMApTests */,
				D8E4F25D1FD48FF8006AE56A /* OnTheMApUITests */,
			);
		};
/* End PBXProject section */

/* Begin PBXResourcesBuildPhase section */
		D8E4F23B1FD48FF8006AE56A /* Resources */ = {
			isa = PBXResourcesBuildPhase;
			buildActionMask = 2147483647;
			files = (
				D8E4F24D1FD48FF8006AE56A /* LaunchScreen.storyboard in Resources */,
				D8E4F2781FD4947A006AE56A /* Default-568h@2x.png in Resources */,
				D8E4F24A1FD48FF8006AE56A /* Assets.xcassets in Resources */,
				D8E4F2481FD48FF8006AE56A /* Main.storyboard in Resources */,
			);
			runOnlyForDeploymentPostprocessing = 0;
		};
		D8E4F2511FD48FF8006AE56A /* Resources */ = {
			isa = PBXResourcesBuildPhase;
			buildActionMask = 2147483647;
			files = (
			);
			runOnlyForDeploymentPostprocessing = 0;
		};
		D8E4F25C1FD48FF8006AE56A /* Resources */ = {
			isa = PBXResourcesBuildPhase;
			buildActionMask = 2147483647;
			files = (
			);
			runOnlyForDeploymentPostprocessing = 0;
		};
/* End PBXResourcesBuildPhase section */

/* Begin PBXSourcesBuildPhase section */
		D8E4F2391FD48FF8006AE56A /* Sources */ = {
			isa = PBXSourcesBuildPhase;
			buildActionMask = 2147483647;
			files = (
				D866B6031FE23CF70028D46A /* StudentLocationAnnotation.swift in Sources */,
				D8B575AE1FD4DDA300E48B42 /* LoginViewController.swift in Sources */,
				D8A666352016EA820078B7C6 /* StudentTableViewController.swift in Sources */,
				D8AFDA8E1FE6F24700D8DED1 /* StoreStudentLoactionViewController.swift in Sources */,
				D8B575AC1FD4DB2E00E48B42 /* UdacityClient.swift in Sources */,
				D8E4F2451FD48FF8006AE56A /* TableViewController.swift in Sources */,
				D8E4F2411FD48FF8006AE56A /* AppDelegate.swift in Sources */,
				D8B575B01FD4DE8100E48B42 /* UdacityConstants.swift in Sources */,
				D8E4F2431FD48FF8006AE56A /* MapViewController.swift in Sources */,
				D8AFDA8C1FE6EE7900D8DED1 /* AddLocationViewController.swift in Sources */,
				D866B6081FE5EC680028D46A /* GCDBlackBox.swift in Sources */,
				D8E4F27A1FD4D673006AE56A /* ParseData.swift in Sources */,
			);
			runOnlyForDeploymentPostprocessing = 0;
		};
		D8E4F24F1FD48FF8006AE56A /* Sources */ = {
			isa = PBXSourcesBuildPhase;
			buildActionMask = 2147483647;
			files = (
				D8E4F2581FD48FF8006AE56A /* OnTheMApTests.swift in Sources */,
			);
			runOnlyForDeploymentPostprocessing = 0;
		};
		D8E4F25A1FD48FF8006AE56A /* Sources */ = {
			isa = PBXSourcesBuildPhase;
			buildActionMask = 2147483647;
			files = (
				D8E4F2631FD48FF8006AE56A /* OnTheMApUITests.swift in Sources */,
			);
			runOnlyForDeploymentPostprocessing = 0;
		};
/* End PBXSourcesBuildPhase section */

/* Begin PBXTargetDependency section */
		D8E4F2551FD48FF8006AE56A /* PBXTargetDependency */ = {
			isa = PBXTargetDependency;
			target = D8E4F23C1FD48FF8006AE56A /* OnTheMAp */;
			targetProxy = D8E4F2541FD48FF8006AE56A /* PBXContainerItemProxy */;
		};
		D8E4F2601FD48FF8006AE56A /* PBXTargetDependency */ = {
			isa = PBXTargetDependency;
			target = D8E4F23C1FD48FF8006AE56A /* OnTheMAp */;
			targetProxy = D8E4F25F1FD48FF8006AE56A /* PBXContainerItemProxy */;
		};
/* End PBXTargetDependency section */

/* Begin PBXVariantGroup section */
		D8E4F2461FD48FF8006AE56A /* Main.storyboard */ = {
			isa = PBXVariantGroup;
			children = (
				D8E4F2471FD48FF8006AE56A /* Base */,
			);
			name = Main.storyboard;
			sourceTree = "<group>";
		};
		D8E4F24B1FD48FF8006AE56A /* LaunchScreen.storyboard */ = {
			isa = PBXVariantGroup;
			children = (
				D8E4F24C1FD48FF8006AE56A /* Base */,
			);
			name = LaunchScreen.storyboard;
			sourceTree = "<group>";
		};
/* End PBXVariantGroup section */

/* Begin XCBuildConfiguration section */
		D8E4F2651FD48FF8006AE56A /* Debug */ = {
			isa = XCBuildConfiguration;
			buildSettings = {
				ALWAYS_SEARCH_USER_PATHS = NO;
				CLANG_ANALYZER_NONNULL = YES;
				CLANG_ANALYZER_NUMBER_OBJECT_CONVERSION = YES_AGGRESSIVE;
				CLANG_CXX_LANGUAGE_STANDARD = "gnu++14";
				CLANG_CXX_LIBRARY = "libc++";
				CLANG_ENABLE_MODULES = YES;
				CLANG_ENABLE_OBJC_ARC = YES;
				CLANG_WARN_BLOCK_CAPTURE_AUTORELEASING = YES;
				CLANG_WARN_BOOL_CONVERSION = YES;
				CLANG_WARN_COMMA = YES;
				CLANG_WARN_CONSTANT_CONVERSION = YES;
				CLANG_WARN_DIRECT_OBJC_ISA_USAGE = YES_ERROR;
				CLANG_WARN_DOCUMENTATION_COMMENTS = YES;
				CLANG_WARN_EMPTY_BODY = YES;
				CLANG_WARN_ENUM_CONVERSION = YES;
				CLANG_WARN_INFINITE_RECURSION = YES;
				CLANG_WARN_INT_CONVERSION = YES;
				CLANG_WARN_NON_LITERAL_NULL_CONVERSION = YES;
				CLANG_WARN_OBJC_LITERAL_CONVERSION = YES;
				CLANG_WARN_OBJC_ROOT_CLASS = YES_ERROR;
				CLANG_WARN_RANGE_LOOP_ANALYSIS = YES;
				CLANG_WARN_STRICT_PROTOTYPES = YES;
				CLANG_WARN_SUSPICIOUS_MOVE = YES;
				CLANG_WARN_UNGUARDED_AVAILABILITY = YES_AGGRESSIVE;
				CLANG_WARN_UNREACHABLE_CODE = YES;
				CLANG_WARN__DUPLICATE_METHOD_MATCH = YES;
				CODE_SIGN_IDENTITY = "iPhone Developer";
				COPY_PHASE_STRIP = NO;
				DEBUG_INFORMATION_FORMAT = dwarf;
				ENABLE_STRICT_OBJC_MSGSEND = YES;
				ENABLE_TESTABILITY = YES;
				GCC_C_LANGUAGE_STANDARD = gnu11;
				GCC_DYNAMIC_NO_PIC = NO;
				GCC_NO_COMMON_BLOCKS = YES;
				GCC_OPTIMIZATION_LEVEL = 0;
				GCC_PREPROCESSOR_DEFINITIONS = (
					"DEBUG=1",
					"$(inherited)",
				);
				GCC_WARN_64_TO_32_BIT_CONVERSION = YES;
				GCC_WARN_ABOUT_RETURN_TYPE = YES_ERROR;
				GCC_WARN_UNDECLARED_SELECTOR = YES;
				GCC_WARN_UNINITIALIZED_AUTOS = YES_AGGRESSIVE;
				GCC_WARN_UNUSED_FUNCTION = YES;
				GCC_WARN_UNUSED_VARIABLE = YES;
				IPHONEOS_DEPLOYMENT_TARGET = 11.1;
				MTL_ENABLE_DEBUG_INFO = YES;
				ONLY_ACTIVE_ARCH = YES;
				SDKROOT = iphoneos;
				SWIFT_ACTIVE_COMPILATION_CONDITIONS = DEBUG;
				SWIFT_OPTIMIZATION_LEVEL = "-Onone";
			};
			name = Debug;
		};
		D8E4F2661FD48FF8006AE56A /* Release */ = {
			isa = XCBuildConfiguration;
			buildSettings = {
				ALWAYS_SEARCH_USER_PATHS = NO;
				CLANG_ANALYZER_NONNULL = YES;
				CLANG_ANALYZER_NUMBER_OBJECT_CONVERSION = YES_AGGRESSIVE;
				CLANG_CXX_LANGUAGE_STANDARD = "gnu++14";
				CLANG_CXX_LIBRARY = "libc++";
				CLANG_ENABLE_MODULES = YES;
				CLANG_ENABLE_OBJC_ARC = YES;
				CLANG_WARN_BLOCK_CAPTURE_AUTORELEASING = YES;
				CLANG_WARN_BOOL_CONVERSION = YES;
				CLANG_WARN_COMMA = YES;
				CLANG_WARN_CONSTANT_CONVERSION = YES;
				CLANG_WARN_DIRECT_OBJC_ISA_USAGE = YES_ERROR;
				CLANG_WARN_DOCUMENTATION_COMMENTS = YES;
				CLANG_WARN_EMPTY_BODY = YES;
				CLANG_WARN_ENUM_CONVERSION = YES;
				CLANG_WARN_INFINITE_RECURSION = YES;
				CLANG_WARN_INT_CONVERSION = YES;
				CLANG_WARN_NON_LITERAL_NULL_CONVERSION = YES;
				CLANG_WARN_OBJC_LITERAL_CONVERSION = YES;
				CLANG_WARN_OBJC_ROOT_CLASS = YES_ERROR;
				CLANG_WARN_RANGE_LOOP_ANALYSIS = YES;
				CLANG_WARN_STRICT_PROTOTYPES = YES;
				CLANG_WARN_SUSPICIOUS_MOVE = YES;
				CLANG_WARN_UNGUARDED_AVAILABILITY = YES_AGGRESSIVE;
				CLANG_WARN_UNREACHABLE_CODE = YES;
				CLANG_WARN__DUPLICATE_METHOD_MATCH = YES;
				CODE_SIGN_IDENTITY = "iPhone Developer";
				COPY_PHASE_STRIP = NO;
				DEBUG_INFORMATION_FORMAT = "dwarf-with-dsym";
				ENABLE_NS_ASSERTIONS = NO;
				ENABLE_STRICT_OBJC_MSGSEND = YES;
				GCC_C_LANGUAGE_STANDARD = gnu11;
				GCC_NO_COMMON_BLOCKS = YES;
				GCC_WARN_64_TO_32_BIT_CONVERSION = YES;
				GCC_WARN_ABOUT_RETURN_TYPE = YES_ERROR;
				GCC_WARN_UNDECLARED_SELECTOR = YES;
				GCC_WARN_UNINITIALIZED_AUTOS = YES_AGGRESSIVE;
				GCC_WARN_UNUSED_FUNCTION = YES;
				GCC_WARN_UNUSED_VARIABLE = YES;
				IPHONEOS_DEPLOYMENT_TARGET = 11.1;
				MTL_ENABLE_DEBUG_INFO = NO;
				SDKROOT = iphoneos;
				SWIFT_OPTIMIZATION_LEVEL = "-Owholemodule";
				VALIDATE_PRODUCT = YES;
			};
			name = Release;
		};
		D8E4F2681FD48FF8006AE56A /* Debug */ = {
			isa = XCBuildConfiguration;
			buildSettings = {
				ASSETCATALOG_COMPILER_APPICON_NAME = AppIcon;
				CODE_SIGN_STYLE = Automatic;
				DEVELOPMENT_TEAM = VW9B82YJ6D;
				INFOPLIST_FILE = OnTheMAp/Info.plist;
				LD_RUNPATH_SEARCH_PATHS = "$(inherited) @executable_path/Frameworks";
				PRODUCT_BUNDLE_IDENTIFIER = khera.OnTheMAp;
				PRODUCT_NAME = "$(TARGET_NAME)";
				SWIFT_VERSION = 4.0;
				TARGETED_DEVICE_FAMILY = "1,2";
			};
			name = Debug;
		};
		D8E4F2691FD48FF8006AE56A /* Release */ = {
			isa = XCBuildConfiguration;
			buildSettings = {
				ASSETCATALOG_COMPILER_APPICON_NAME = AppIcon;
				CODE_SIGN_STYLE = Automatic;
				DEVELOPMENT_TEAM = VW9B82YJ6D;
				INFOPLIST_FILE = OnTheMAp/Info.plist;
				LD_RUNPATH_SEARCH_PATHS = "$(inherited) @executable_path/Frameworks";
				PRODUCT_BUNDLE_IDENTIFIER = khera.OnTheMAp;
				PRODUCT_NAME = "$(TARGET_NAME)";
				SWIFT_VERSION = 4.0;
				TARGETED_DEVICE_FAMILY = "1,2";
			};
			name = Release;
		};
		D8E4F26B1FD48FF8006AE56A /* Debug */ = {
			isa = XCBuildConfiguration;
			buildSettings = {
				ALWAYS_EMBED_SWIFT_STANDARD_LIBRARIES = YES;
				BUNDLE_LOADER = "$(TEST_HOST)";
				CODE_SIGN_STYLE = Automatic;
				DEVELOPMENT_TEAM = VW9B82YJ6D;
				INFOPLIST_FILE = OnTheMApTests/Info.plist;
				LD_RUNPATH_SEARCH_PATHS = "$(inherited) @executable_path/Frameworks @loader_path/Frameworks";
				PRODUCT_BUNDLE_IDENTIFIER = khera.OnTheMApTests;
				PRODUCT_NAME = "$(TARGET_NAME)";
				SWIFT_VERSION = 4.0;
				TARGETED_DEVICE_FAMILY = "1,2";
				TEST_HOST = "$(BUILT_PRODUCTS_DIR)/OnTheMAp.app/OnTheMAp";
			};
			name = Debug;
		};
		D8E4F26C1FD48FF8006AE56A /* Release */ = {
			isa = XCBuildConfiguration;
			buildSettings = {
				ALWAYS_EMBED_SWIFT_STANDARD_LIBRARIES = YES;
				BUNDLE_LOADER = "$(TEST_HOST)";
				CODE_SIGN_STYLE = Automatic;
				DEVELOPMENT_TEAM = VW9B82YJ6D;
				INFOPLIST_FILE = OnTheMApTests/Info.plist;
				LD_RUNPATH_SEARCH_PATHS = "$(inherited) @executable_path/Frameworks @loader_path/Frameworks";
				PRODUCT_BUNDLE_IDENTIFIER = khera.OnTheMApTests;
				PRODUCT_NAME = "$(TARGET_NAME)";
				SWIFT_VERSION = 4.0;
				TARGETED_DEVICE_FAMILY = "1,2";
				TEST_HOST = "$(BUILT_PRODUCTS_DIR)/OnTheMAp.app/OnTheMAp";
			};
			name = Release;
		};
		D8E4F26E1FD48FF8006AE56A /* Debug */ = {
			isa = XCBuildConfiguration;
			buildSettings = {
				ALWAYS_EMBED_SWIFT_STANDARD_LIBRARIES = YES;
				CODE_SIGN_STYLE = Automatic;
				DEVELOPMENT_TEAM = VW9B82YJ6D;
				INFOPLIST_FILE = OnTheMApUITests/Info.plist;
				LD_RUNPATH_SEARCH_PATHS = "$(inherited) @executable_path/Frameworks @loader_path/Frameworks";
				PRODUCT_BUNDLE_IDENTIFIER = khera.OnTheMApUITests;
				PRODUCT_NAME = "$(TARGET_NAME)";
				SWIFT_VERSION = 4.0;
				TARGETED_DEVICE_FAMILY = "1,2";
				TEST_TARGET_NAME = OnTheMAp;
			};
			name = Debug;
		};
		D8E4F26F1FD48FF8006AE56A /* Release */ = {
			isa = XCBuildConfiguration;
			buildSettings = {
				ALWAYS_EMBED_SWIFT_STANDARD_LIBRARIES = YES;
				CODE_SIGN_STYLE = Automatic;
				DEVELOPMENT_TEAM = VW9B82YJ6D;
				INFOPLIST_FILE = OnTheMApUITests/Info.plist;
				LD_RUNPATH_SEARCH_PATHS = "$(inherited) @executable_path/Frameworks @loader_path/Frameworks";
				PRODUCT_BUNDLE_IDENTIFIER = khera.OnTheMApUITests;
				PRODUCT_NAME = "$(TARGET_NAME)";
				SWIFT_VERSION = 4.0;
				TARGETED_DEVICE_FAMILY = "1,2";
				TEST_TARGET_NAME = OnTheMAp;
			};
			name = Release;
		};
/* End XCBuildConfiguration section */

/* Begin XCConfigurationList section */
		D8E4F2381FD48FF8006AE56A /* Build configuration list for PBXProject "OnTheMAp" */ = {
			isa = XCConfigurationList;
			buildConfigurations = (
				D8E4F2651FD48FF8006AE56A /* Debug */,
				D8E4F2661FD48FF8006AE56A /* Release */,
			);
			defaultConfigurationIsVisible = 0;
			defaultConfigurationName = Release;
		};
		D8E4F2671FD48FF8006AE56A /* Build configuration list for PBXNativeTarget "OnTheMAp" */ = {
			isa = XCConfigurationList;
			buildConfigurations = (
				D8E4F2681FD48FF8006AE56A /* Debug */,
				D8E4F2691FD48FF8006AE56A /* Release */,
			);
			defaultConfigurationIsVisible = 0;
			defaultConfigurationName = Release;
		};
		D8E4F26A1FD48FF8006AE56A /* Build configuration list for PBXNativeTarget "OnTheMApTests" */ = {
			isa = XCConfigurationList;
			buildConfigurations = (
				D8E4F26B1FD48FF8006AE56A /* Debug */,
				D8E4F26C1FD48FF8006AE56A /* Release */,
			);
			defaultConfigurationIsVisible = 0;
			defaultConfigurationName = Release;
		};
		D8E4F26D1FD48FF8006AE56A /* Build configuration list for PBXNativeTarget "OnTheMApUITests" */ = {
			isa = XCConfigurationList;
			buildConfigurations = (
				D8E4F26E1FD48FF8006AE56A /* Debug */,
				D8E4F26F1FD48FF8006AE56A /* Release */,
			);
			defaultConfigurationIsVisible = 0;
			defaultConfigurationName = Release;
		};
/* End XCConfigurationList section */
	};
	rootObject = D8E4F2351FD48FF8006AE56A /* Project object */;
}
